{
  "name": "prettygoat-fe",
  "version": "2.1.1",
  "lockfileVersion": 1,
  "requires": true,
  "dependencies": {
    "@types/core-decorators": {
      "version": "0.10.32",
      "resolved": "https://registry.npmjs.org/@types/core-decorators/-/core-decorators-0.10.32.tgz",
      "integrity": "sha1-PLY12pmYAXaDLsQgh19+/OGCK14="
    },
    "@types/expect.js": {
      "version": "0.3.29",
      "resolved": "https://registry.npmjs.org/@types/expect.js/-/expect.js-0.3.29.tgz",
      "integrity": "sha1-KN01kVW4S47LCUr8P0t0wyItyjs=",
      "dev": true
    },
    "@types/history": {
      "version": "2.0.49",
      "resolved": "https://registry.npmjs.org/@types/history/-/history-2.0.49.tgz",
      "integrity": "sha512-P/aCyGbdBY4ysn7F6M168Op8wefgv69rvidNRsLmQwWVQ7D3Vlr7APIq46CxzSA9vB1GIgV97ToZxLJ/s4hXnA=="
    },
    "@types/lodash": {
      "version": "4.14.56",
      "resolved": "https://registry.npmjs.org/@types/lodash/-/lodash-4.14.56.tgz",
      "integrity": "sha1-5+2VLKJQxb379udVmME3eFxBFw4="
    },
    "@types/mocha": {
      "version": "2.2.44",
      "resolved": "https://registry.npmjs.org/@types/mocha/-/mocha-2.2.44.tgz",
      "integrity": "sha512-k2tWTQU8G4+iSMvqKi0Q9IIsWAp/n8xzdZS4Q4YVIltApoMA00wFBFdlJnmoaK1/z7B0Cy0yPe6GgXteSmdUNw==",
      "dev": true
    },
    "@types/node": {
      "version": "6.0.92",
      "resolved": "https://registry.npmjs.org/@types/node/-/node-6.0.92.tgz",
      "integrity": "sha512-awEYSSTn7dauwVCYSx2CJaPTu0Z1Ht2oR1b2AD3CYao6ZRb+opb6EL43fzmD7eMFgMHzTBWSUzlWSD+S8xN0Nw=="
    },
    "@types/react": {
      "version": "15.6.7",
      "resolved": "https://registry.npmjs.org/@types/react/-/react-15.6.7.tgz",
      "integrity": "sha512-HMfRuwiTp7/MfjPOsVlvlduouJH3haDzjc0oXqZy3ZMn3OTl3i4gGgbxsqzA/u9gNyl/oKkwOrU2oVR6vG5SAw=="
    },
    "@types/socket.io": {
      "version": "1.4.31",
      "resolved": "https://registry.npmjs.org/@types/socket.io/-/socket.io-1.4.31.tgz",
      "integrity": "sha512-HnO78rKiAx+tCEKYFurJvKLNAluN9B0V+yLnkJEY9BVwmCXHA7oKeLCymqP/uAgx0t+un/JM+GJOTwNQJ+ODvQ==",
      "requires": {
        "@types/node": "6.0.92"
      }
    },
    "@types/socket.io-client": {
      "version": "1.4.32",
      "resolved": "https://registry.npmjs.org/@types/socket.io-client/-/socket.io-client-1.4.32.tgz",
      "integrity": "sha512-Vs55Kq8F+OWvy1RLA31rT+cAyemzgm0EWNeax6BWF8H7QiiOYMJIdcwSDdm5LVgfEkoepsWkS+40+WNb7BUMbg=="
    },
    "CBuffer": {
      "version": "2.0.0",
      "resolved": "https://registry.npmjs.org/CBuffer/-/CBuffer-2.0.0.tgz",
      "integrity": "sha1-+VbPZYiKiYjGn74slPlwA8m3Hho="
    },
    "accepts": {
      "version": "1.1.4",
      "resolved": "https://registry.npmjs.org/accepts/-/accepts-1.1.4.tgz",
      "integrity": "sha1-1xyW99QdD+2iw4zRToonwEFY30o=",
      "requires": {
        "mime-types": "2.0.14",
        "negotiator": "0.4.9"
      }
    },
    "after": {
      "version": "0.8.1",
      "resolved": "https://registry.npmjs.org/after/-/after-0.8.1.tgz",
      "integrity": "sha1-q11PuIP1loFtNRX495HAr0ht1ic="
    },
    "arraybuffer.slice": {
      "version": "0.0.6",
      "resolved": "https://registry.npmjs.org/arraybuffer.slice/-/arraybuffer.slice-0.0.6.tgz",
      "integrity": "sha1-8zshWfBTKj8xB6JywMz70a0peco="
    },
    "asap": {
      "version": "2.0.6",
      "resolved": "https://registry.npmjs.org/asap/-/asap-2.0.6.tgz",
      "integrity": "sha1-5QNHYR1+aQlDIIu9r+vLwvuGbUY="
    },
    "autobind-decorator": {
      "version": "1.4.3",
      "resolved": "https://registry.npmjs.org/autobind-decorator/-/autobind-decorator-1.4.3.tgz",
      "integrity": "sha1-TJb/p3sQYi7eJPEQ9du/VmkUF9E="
    },
    "babel-runtime": {
      "version": "6.26.0",
      "resolved": "https://registry.npmjs.org/babel-runtime/-/babel-runtime-6.26.0.tgz",
      "integrity": "sha1-llxwWGaOgrVde/4E/yM3vItWR/4=",
      "requires": {
        "core-js": "2.5.1",
        "regenerator-runtime": "0.11.0"
      },
      "dependencies": {
        "core-js": {
          "version": "2.5.1",
          "resolved": "https://registry.npmjs.org/core-js/-/core-js-2.5.1.tgz",
          "integrity": "sha1-rmh03GaTd4m4B1T/VCjfZoGcpQs="
        }
      }
    },
    "backo2": {
      "version": "1.0.2",
      "resolved": "https://registry.npmjs.org/backo2/-/backo2-1.0.2.tgz",
      "integrity": "sha1-MasayLEpNjRj41s+u2n038+6eUc="
    },
    "base64-arraybuffer": {
      "version": "0.1.2",
      "resolved": "https://registry.npmjs.org/base64-arraybuffer/-/base64-arraybuffer-0.1.2.tgz",
      "integrity": "sha1-R030qfLaJOBd8xWMOx2zw81GoVQ="
    },
    "base64id": {
      "version": "0.1.0",
      "resolved": "https://registry.npmjs.org/base64id/-/base64id-0.1.0.tgz",
      "integrity": "sha1-As4P3u4M709ACA4ec+g08LG/zj8="
    },
    "benchmark": {
      "version": "1.0.0",
      "resolved": "https://registry.npmjs.org/benchmark/-/benchmark-1.0.0.tgz",
      "integrity": "sha1-Lx4vpMNZ8REiqhgwgiGOlX45DHM="
    },
    "better-assert": {
      "version": "1.0.2",
      "resolved": "https://registry.npmjs.org/better-assert/-/better-assert-1.0.2.tgz",
      "integrity": "sha1-QIZrnhueC1W0gYlDEeaPr/rrxSI=",
      "requires": {
        "callsite": "1.0.0"
      }
    },
    "bivio": {
      "version": "0.3.2",
      "resolved": "https://registry.npmjs.org/bivio/-/bivio-0.3.2.tgz",
      "integrity": "sha1-RoD8VR+YJ3kopiXzUPjkVGVWY9k=",
      "requires": {
        "@types/lodash": "4.14.43",
        "@types/node": "6.0.92",
        "envify": "4.0.0",
        "lodash": "4.17.4",
        "reflect-metadata": "0.1.8"
      },
      "dependencies": {
        "@types/lodash": {
          "version": "4.14.43",
          "resolved": "https://registry.npmjs.org/@types/lodash/-/lodash-4.14.43.tgz",
          "integrity": "sha1-A3PeQi5w9bzhLBU0AQOjwSbIEIY="
        },
        "lodash": {
          "version": "4.17.4",
          "resolved": "https://registry.npmjs.org/lodash/-/lodash-4.17.4.tgz",
          "integrity": "sha1-eCA6TRwyiuHYbcpkYONptX9AVa4="
        },
        "reflect-metadata": {
          "version": "0.1.8",
          "resolved": "https://registry.npmjs.org/reflect-metadata/-/reflect-metadata-0.1.8.tgz",
          "integrity": "sha1-ckJtVwtgd242iJaL1auVN6Fc7PY="
        }
      }
    },
    "blob": {
      "version": "0.0.4",
      "resolved": "https://registry.npmjs.org/blob/-/blob-0.0.4.tgz",
      "integrity": "sha1-vPEwUspURj8w+fx+lbmkdjCpSSE="
    },
    "bootstrap": {
      "version": "3.3.7",
      "resolved": "https://registry.npmjs.org/bootstrap/-/bootstrap-3.3.7.tgz",
      "integrity": "sha1-WjiTlFSfIzMIdaOxUGVldPip63E="
    },
    "callsite": {
      "version": "1.0.0",
      "resolved": "https://registry.npmjs.org/callsite/-/callsite-1.0.0.tgz",
      "integrity": "sha1-KAOY5dZkvXQDi28JBRU+borxvCA="
    },
    "chain-function": {
      "version": "1.0.0",
      "resolved": "https://registry.npmjs.org/chain-function/-/chain-function-1.0.0.tgz",
      "integrity": "sha1-DUqzfn4Y6tC9xHuSB2QRjOWHM9w="
    },
    "chupacabras": {
      "version": "2.2.0",
      "resolved": "https://registry.npmjs.org/chupacabras/-/chupacabras-2.2.0.tgz",
      "integrity": "sha1-TyFcJ+f9n67IuOpu/GvnL7xCo6g=",
      "requires": {
        "CBuffer": "2.0.0",
        "isomorphic-fetch": "2.2.1",
        "lodash": "4.10.0",
        "qs": "6.4.0",
        "rx": "4.1.0",
        "socket.io-client": "1.4.8"
      }
    },
    "class-validator": {
      "version": "0.3.2",
      "resolved": "https://registry.npmjs.org/class-validator/-/class-validator-0.3.2.tgz",
      "integrity": "sha1-nWnmJ0acZdIhXAK4vyDrmsWYbh4=",
      "requires": {
        "validator": "5.7.0"
      }
    },
    "classnames": {
      "version": "2.2.5",
      "resolved": "https://registry.npmjs.org/classnames/-/classnames-2.2.5.tgz",
      "integrity": "sha1-+zgB1FNGdknvNgPH1hoCvRKb3m0="
    },
    "component-bind": {
      "version": "1.0.0",
      "resolved": "https://registry.npmjs.org/component-bind/-/component-bind-1.0.0.tgz",
      "integrity": "sha1-AMYIq33Nk4l8AAllGx06jh5zu9E="
    },
    "component-emitter": {
      "version": "1.2.0",
      "resolved": "https://registry.npmjs.org/component-emitter/-/component-emitter-1.2.0.tgz",
      "integrity": "sha1-zNETqGOI0GSC0D3j/H35hSa6jv4="
    },
    "component-inherit": {
      "version": "0.0.3",
      "resolved": "https://registry.npmjs.org/component-inherit/-/component-inherit-0.0.3.tgz",
      "integrity": "sha1-ZF/ErfWLcrZJ1crmUTVhnbJv8UM="
    },
    "core-decorators": {
      "version": "0.12.3",
      "resolved": "https://registry.npmjs.org/core-decorators/-/core-decorators-0.12.3.tgz",
      "integrity": "sha1-az+DN45oDUiwwI2kSJiZt1Mty0M="
    },
    "core-js": {
      "version": "1.2.7",
      "resolved": "https://registry.npmjs.org/core-js/-/core-js-1.2.7.tgz",
      "integrity": "sha1-ZSKUwUZR2yj6k70tX/KYOk8IxjY="
    },
    "create-react-class": {
      "version": "15.6.2",
      "resolved": "https://registry.npmjs.org/create-react-class/-/create-react-class-15.6.2.tgz",
      "integrity": "sha1-zx7RXxKq1/FO9fLf4F5sQvke8Co=",
      "requires": {
        "fbjs": "0.8.16",
        "loose-envify": "1.3.1",
        "object-assign": "4.1.1"
      }
    },
    "css-vendor": {
      "version": "0.3.8",
      "resolved": "https://registry.npmjs.org/css-vendor/-/css-vendor-0.3.8.tgz",
      "integrity": "sha1-ZCHP0wNM5mT+dnOXL9ARn8KJQfo=",
      "requires": {
        "is-in-browser": "1.0.2"
      }
    },
    "debug": {
      "version": "2.2.0",
      "resolved": "https://registry.npmjs.org/debug/-/debug-2.2.0.tgz",
      "integrity": "sha1-+HBX6ZWxofauaklgZkE3vFbwOdo=",
      "requires": {
        "ms": "0.7.1"
      }
    },
    "dom-helpers": {
      "version": "3.2.1",
      "resolved": "https://registry.npmjs.org/dom-helpers/-/dom-helpers-3.2.1.tgz",
      "integrity": "sha1-MgPgf+0he9H0JLAZc1WC/Deyglo="
    },
    "encoding": {
      "version": "0.1.12",
      "resolved": "https://registry.npmjs.org/encoding/-/encoding-0.1.12.tgz",
      "integrity": "sha1-U4tm8+5izRq1HsMjgp0flIDHS+s=",
      "requires": {
        "iconv-lite": "0.4.19"
      }
    },
    "engine.io": {
      "version": "1.6.11",
      "resolved": "https://registry.npmjs.org/engine.io/-/engine.io-1.6.11.tgz",
      "integrity": "sha1-JTOpemWHbED/z5U5e375tJXEI/4=",
      "requires": {
        "accepts": "1.1.4",
        "base64id": "0.1.0",
        "debug": "2.2.0",
        "engine.io-parser": "1.2.4",
        "ws": "1.1.0"
      },
      "dependencies": {
        "ws": {
          "version": "1.1.0",
          "resolved": "https://registry.npmjs.org/ws/-/ws-1.1.0.tgz",
          "integrity": "sha1-wdb9FRXTzv8fCuJ1m/X9dwMKrR0=",
          "requires": {
            "options": "0.0.6",
            "ultron": "1.0.2"
          }
        }
      }
    },
    "engine.io-client": {
      "version": "1.6.11",
      "resolved": "https://registry.npmjs.org/engine.io-client/-/engine.io-client-1.6.11.tgz",
      "integrity": "sha1-fSUNj6HCGBGezeUTkEWKV9UXE3Y=",
      "requires": {
        "component-emitter": "1.1.2",
        "component-inherit": "0.0.3",
        "debug": "2.2.0",
        "engine.io-parser": "1.2.4",
        "has-cors": "1.1.0",
        "indexof": "0.0.1",
        "parsejson": "0.0.1",
        "parseqs": "0.0.2",
        "parseuri": "0.0.4",
        "ws": "1.0.1",
        "xmlhttprequest-ssl": "1.5.1",
        "yeast": "0.1.2"
      },
      "dependencies": {
        "component-emitter": {
          "version": "1.1.2",
          "resolved": "https://registry.npmjs.org/component-emitter/-/component-emitter-1.1.2.tgz",
          "integrity": "sha1-KWWU8nU9qmOZbSrwjRWpURbJrsM="
        }
      }
    },
    "engine.io-parser": {
      "version": "1.2.4",
      "resolved": "https://registry.npmjs.org/engine.io-parser/-/engine.io-parser-1.2.4.tgz",
      "integrity": "sha1-4Il7C/FOeS1M0qWVBVORnFaUjEI=",
      "requires": {
        "after": "0.8.1",
        "arraybuffer.slice": "0.0.6",
        "base64-arraybuffer": "0.1.2",
        "blob": "0.0.4",
        "has-binary": "0.1.6",
        "utf8": "2.1.0"
      },
      "dependencies": {
        "has-binary": {
          "version": "0.1.6",
          "resolved": "https://registry.npmjs.org/has-binary/-/has-binary-0.1.6.tgz",
          "integrity": "sha1-JTJvOc+k9hath4eJTjryz7x7bhA=",
          "requires": {
            "isarray": "0.0.1"
          }
        }
      }
    },
    "envify": {
      "version": "4.0.0",
      "resolved": "https://registry.npmjs.org/envify/-/envify-4.0.0.tgz",
      "integrity": "sha1-95E0Pj0RzCnM5BFQMAqK9hxmyrA=",
      "requires": {
        "esprima": "3.1.3",
        "through": "2.3.8"
      }
    },
    "esprima": {
      "version": "3.1.3",
      "resolved": "https://registry.npmjs.org/esprima/-/esprima-3.1.3.tgz",
      "integrity": "sha1-/cpRzuYTOJXjyI1TXOSdv/YqRjM="
    },
    "expect.js": {
      "version": "0.3.1",
      "resolved": "https://registry.npmjs.org/expect.js/-/expect.js-0.3.1.tgz",
      "integrity": "sha1-sKWaDS7/VDdUTr8M6qYBWEHQm1s=",
      "dev": true
    },
    "fbjs": {
      "version": "0.8.16",
      "resolved": "https://registry.npmjs.org/fbjs/-/fbjs-0.8.16.tgz",
      "integrity": "sha1-XmdDL1UNxBtXK/VYR7ispk5TN9s=",
      "requires": {
        "core-js": "1.2.7",
        "isomorphic-fetch": "2.2.1",
        "loose-envify": "1.3.1",
        "object-assign": "4.1.1",
        "promise": "7.3.1",
        "setimmediate": "1.0.5",
        "ua-parser-js": "0.7.17"
      }
    },
    "fs-extra": {
      "version": "1.0.0",
      "resolved": "https://registry.npmjs.org/fs-extra/-/fs-extra-1.0.0.tgz",
      "integrity": "sha1-zTzl9+fLYUWIP8rjGR6Yd/hYeVA=",
      "requires": {
        "graceful-fs": "4.1.11",
        "jsonfile": "2.4.0",
        "klaw": "1.3.1"
      }
    },
    "graceful-fs": {
      "version": "4.1.11",
      "resolved": "https://registry.npmjs.org/graceful-fs/-/graceful-fs-4.1.11.tgz",
      "integrity": "sha1-Dovf5NHduIVNZOBOp8AOKgJuVlg="
    },
    "has-binary": {
      "version": "0.1.7",
      "resolved": "https://registry.npmjs.org/has-binary/-/has-binary-0.1.7.tgz",
      "integrity": "sha1-aOYesWIQyVRaClzOBqhzkS/h5ow=",
      "requires": {
        "isarray": "0.0.1"
      }
    },
    "has-cors": {
      "version": "1.1.0",
      "resolved": "https://registry.npmjs.org/has-cors/-/has-cors-1.1.0.tgz",
      "integrity": "sha1-XkdHk/fqmEPRu5nCPu9J/xJv/zk="
    },
    "history": {
      "version": "3.3.0",
      "resolved": "https://registry.npmjs.org/history/-/history-3.3.0.tgz",
      "integrity": "sha1-/O3M6PEpdTcVRdc1RhAzV5ptrpw=",
      "requires": {
        "invariant": "2.2.2",
        "loose-envify": "1.3.1",
        "query-string": "4.3.4",
        "warning": "3.0.0"
      }
    },
    "hoist-non-react-statics": {
      "version": "1.2.0",
      "resolved": "https://registry.npmjs.org/hoist-non-react-statics/-/hoist-non-react-statics-1.2.0.tgz",
      "integrity": "sha1-qkSM8JhtVcxAdzsXF0t90GbLfPs="
    },
    "humanize": {
      "version": "0.0.9",
      "resolved": "https://registry.npmjs.org/humanize/-/humanize-0.0.9.tgz",
      "integrity": "sha1-GZT/rs3+nEQe0r2sdFK3u0yeQaQ="
    },
    "iconv-lite": {
      "version": "0.4.19",
      "resolved": "https://registry.npmjs.org/iconv-lite/-/iconv-lite-0.4.19.tgz",
      "integrity": "sha512-oTZqweIP51xaGPI4uPa56/Pri/480R+mo7SeU+YETByQNhDG55ycFyNLIgta9vXhILrxXDmF7ZGhqZIcuN0gJQ=="
    },
    "indexof": {
      "version": "0.0.1",
      "resolved": "https://registry.npmjs.org/indexof/-/indexof-0.0.1.tgz",
      "integrity": "sha1-gtwzbSMrkGIXnQWrMpOmYFn9Q10="
    },
    "invariant": {
      "version": "2.2.2",
      "resolved": "https://registry.npmjs.org/invariant/-/invariant-2.2.2.tgz",
      "integrity": "sha1-nh9WrArNtr8wMwbzOL47IErmA2A=",
      "requires": {
        "loose-envify": "1.3.1"
      }
    },
    "inversify": {
      "version": "4.5.1",
      "resolved": "https://registry.npmjs.org/inversify/-/inversify-4.5.1.tgz",
      "integrity": "sha512-iTGJ/1sN5og+7iYVbsk8K2WY7dvJfVadMish4No7WGTGNKmLCtudNaMEhaZp8MFHKViUJbh/7U85t5J6qFAQkg=="
    },
    "inversify-inject-decorators": {
      "version": "3.0.2",
      "resolved": "https://registry.npmjs.org/inversify-inject-decorators/-/inversify-inject-decorators-3.0.2.tgz",
      "integrity": "sha512-kM7lR4kdQPWUkKf8CpzgxksZwBnlbAiCyuIF5cCa2tblzGuVUJ27C5byDN5mOyUGUKzFD0W1Abw3R07NL7/zAA=="
    },
    "inversify-logging": {
      "version": "0.1.1",
      "resolved": "https://registry.npmjs.org/inversify-logging/-/inversify-logging-0.1.1.tgz",
      "integrity": "sha1-+/QlpxUfi1iybgJJS134YdAXv0A=",
      "requires": {
        "lodash": "4.13.1",
        "reflect-metadata": "0.1.8"
      },
      "dependencies": {
        "lodash": {
          "version": "4.13.1",
          "resolved": "https://registry.npmjs.org/lodash/-/lodash-4.13.1.tgz",
          "integrity": "sha1-g+SxCRP0hJbU0W/sSlYK8u50S2g="
        },
        "reflect-metadata": {
          "version": "0.1.8",
          "resolved": "https://registry.npmjs.org/reflect-metadata/-/reflect-metadata-0.1.8.tgz",
          "integrity": "sha1-ckJtVwtgd242iJaL1auVN6Fc7PY="
        }
      }
    },
    "is-in-browser": {
      "version": "1.0.2",
      "resolved": "https://registry.npmjs.org/is-in-browser/-/is-in-browser-1.0.2.tgz",
      "integrity": "sha1-9oi+qPHlqtwyROvIcNGIz7m2E88="
    },
    "is-stream": {
      "version": "1.1.0",
      "resolved": "https://registry.npmjs.org/is-stream/-/is-stream-1.1.0.tgz",
      "integrity": "sha1-EtSj3U5o4Lec6428hBc66A2RykQ="
    },
    "isarray": {
      "version": "0.0.1",
      "resolved": "https://registry.npmjs.org/isarray/-/isarray-0.0.1.tgz",
      "integrity": "sha1-ihis/Kmo9Bd+Cav8YDiTmwXR7t8="
    },
    "isomorphic-fetch": {
      "version": "2.2.1",
      "resolved": "https://registry.npmjs.org/isomorphic-fetch/-/isomorphic-fetch-2.2.1.tgz",
      "integrity": "sha1-YRrhrPFPXoH3KVB0coGf6XM1WKk=",
      "requires": {
        "node-fetch": "1.7.3",
        "whatwg-fetch": "2.0.3"
      }
    },
    "js-tokens": {
      "version": "3.0.2",
      "resolved": "https://registry.npmjs.org/js-tokens/-/js-tokens-3.0.2.tgz",
      "integrity": "sha1-mGbfOVECEw449/mWvOtlRDIJwls="
    },
    "json3": {
      "version": "3.3.2",
      "resolved": "https://registry.npmjs.org/json3/-/json3-3.3.2.tgz",
      "integrity": "sha1-PAQ0dD35Pi9cQq7nsZvLSDV19OE="
    },
    "jsonfile": {
      "version": "2.4.0",
      "resolved": "https://registry.npmjs.org/jsonfile/-/jsonfile-2.4.0.tgz",
      "integrity": "sha1-NzaitCi4e72gzIO1P6PWM6NcKug=",
      "requires": {
        "graceful-fs": "4.1.11"
      }
    },
    "jss": {
      "version": "7.1.7",
      "resolved": "https://registry.npmjs.org/jss/-/jss-7.1.7.tgz",
      "integrity": "sha512-L+PLuDWZa18qUtBAR37rh55z8WD/yZkOOoRUjV+hj5bm01wPW+V+0/wc150YCsHilFshARaV381njzR7HUT18A==",
      "requires": {
        "is-in-browser": "1.0.2",
        "warning": "3.0.0"
      }
    },
    "jss-camel-case": {
      "version": "4.0.0",
      "resolved": "https://registry.npmjs.org/jss-camel-case/-/jss-camel-case-4.0.0.tgz",
      "integrity": "sha1-Oe8qE3qqHi8WCrgmhFMF+O+rz9U="
    },
    "jss-compose": {
      "version": "3.0.1",
      "resolved": "https://registry.npmjs.org/jss-compose/-/jss-compose-3.0.1.tgz",
      "integrity": "sha1-CsB/ILrx1SPCEQFtOD2rCNz+QYY=",
      "requires": {
        "warning": "3.0.0"
      }
    },
    "jss-default-unit": {
      "version": "6.1.2",
      "resolved": "https://registry.npmjs.org/jss-default-unit/-/jss-default-unit-6.1.2.tgz",
      "integrity": "sha1-bEYBVBKbe+MEpKTc0rKDWElUrsU="
    },
    "jss-expand": {
      "version": "3.0.1",
      "resolved": "https://registry.npmjs.org/jss-expand/-/jss-expand-3.0.1.tgz",
      "integrity": "sha1-kPGzCtCrcA5mbqVPcYY0HFDX/u0="
    },
    "jss-extend": {
      "version": "4.0.1",
      "resolved": "https://registry.npmjs.org/jss-extend/-/jss-extend-4.0.1.tgz",
      "integrity": "sha1-a3FqGyF7oycV28tplA7GezXEFdw=",
      "requires": {
        "warning": "3.0.0"
      }
    },
    "jss-global": {
      "version": "1.0.1",
      "resolved": "https://registry.npmjs.org/jss-global/-/jss-global-1.0.1.tgz",
      "integrity": "sha1-NnMXePbYZJEQYR98F4281g/ZKyQ="
    },
    "jss-nested": {
      "version": "4.0.1",
      "resolved": "https://registry.npmjs.org/jss-nested/-/jss-nested-4.0.1.tgz",
      "integrity": "sha1-9QzCBkMMipIMzVTjt1b3/HJFUTA=",
      "requires": {
        "warning": "3.0.0"
      }
    },
    "jss-preset-default": {
      "version": "2.0.0",
      "resolved": "https://registry.npmjs.org/jss-preset-default/-/jss-preset-default-2.0.0.tgz",
      "integrity": "sha1-A2jZliazEGfo0Eqzx8sXuoNU1CI=",
      "requires": {
        "jss-camel-case": "4.0.0",
        "jss-compose": "3.0.1",
        "jss-default-unit": "6.1.2",
        "jss-expand": "3.0.1",
        "jss-extend": "4.0.1",
        "jss-global": "1.0.1",
        "jss-nested": "4.0.1",
        "jss-props-sort": "4.0.0",
        "jss-vendor-prefixer": "5.1.0"
      }
    },
    "jss-props-sort": {
      "version": "4.0.0",
      "resolved": "https://registry.npmjs.org/jss-props-sort/-/jss-props-sort-4.0.0.tgz",
      "integrity": "sha1-70I5xnlcowTBjc6eA5WheJ7Z94o="
    },
    "jss-vendor-prefixer": {
      "version": "5.1.0",
      "resolved": "https://registry.npmjs.org/jss-vendor-prefixer/-/jss-vendor-prefixer-5.1.0.tgz",
      "integrity": "sha1-Wbc1RN6B5rLv1x9tO3RGcYJoZaI=",
      "requires": {
        "css-vendor": "0.3.8"
      }
    },
    "keycode": {
      "version": "2.1.9",
      "resolved": "https://registry.npmjs.org/keycode/-/keycode-2.1.9.tgz",
      "integrity": "sha1-lkojxU5IiUBbSGGlyfBIDUUUHfo="
    },
    "klaw": {
      "version": "1.3.1",
      "resolved": "https://registry.npmjs.org/klaw/-/klaw-1.3.1.tgz",
      "integrity": "sha1-QIhDO0azsbolnXh4XY6W9zugJDk=",
      "requires": {
        "graceful-fs": "4.1.11"
      }
    },
    "lodash": {
      "version": "4.10.0",
      "resolved": "https://registry.npmjs.org/lodash/-/lodash-4.10.0.tgz",
      "integrity": "sha1-PY86x6WpBP2wHiz+FAGHm/llLGo="
    },
    "loose-envify": {
      "version": "1.3.1",
      "resolved": "https://registry.npmjs.org/loose-envify/-/loose-envify-1.3.1.tgz",
      "integrity": "sha1-0aitM/qc4OcT1l/dCsi3SNR4yEg=",
      "requires": {
        "js-tokens": "3.0.2"
      }
    },
    "mime-db": {
      "version": "1.12.0",
      "resolved": "https://registry.npmjs.org/mime-db/-/mime-db-1.12.0.tgz",
      "integrity": "sha1-PQxjGA9FjrENMlqqN9fFiuMS6dc="
    },
    "mime-types": {
      "version": "2.0.14",
      "resolved": "https://registry.npmjs.org/mime-types/-/mime-types-2.0.14.tgz",
      "integrity": "sha1-MQ4VnbI+B3+Lsit0jav6SVcUCqY=",
      "requires": {
        "mime-db": "1.12.0"
      }
    },
    "ms": {
      "version": "0.7.1",
      "resolved": "https://registry.npmjs.org/ms/-/ms-0.7.1.tgz",
      "integrity": "sha1-nNE8A62/8ltl7/3nzoZO6VIBcJg="
    },
    "negotiator": {
      "version": "0.4.9",
      "resolved": "https://registry.npmjs.org/negotiator/-/negotiator-0.4.9.tgz",
      "integrity": "sha1-kuRrbbU8fkIe1koryU8IvnYw3z8="
    },
    "ninjagoat": {
      "version": "2.8.3",
      "resolved": "https://registry.npmjs.org/ninjagoat/-/ninjagoat-2.8.3.tgz",
      "integrity": "sha1-4u8b88TUmk0MVyqwvWbq9PzoEQY=",
      "requires": {
        "bivio": "0.3.2",
        "inversify": "4.5.1",
        "inversify-inject-decorators": "3.0.2",
        "inversify-logging": "0.1.1",
        "lodash": "4.10.0",
        "react-router": "3.2.0",
        "reflect-metadata": "0.1.8",
        "rx": "4.1.0",
        "uuid": "2.0.3",
        "whatwg-fetch": "2.0.3"
      },
      "dependencies": {
        "reflect-metadata": {
          "version": "0.1.8",
          "resolved": "https://registry.npmjs.org/reflect-metadata/-/reflect-metadata-0.1.8.tgz",
          "integrity": "sha1-ckJtVwtgd242iJaL1auVN6Fc7PY="
        }
      }
    },
    "ninjagoat-commands": {
      "version": "3.2.0",
      "resolved": "https://registry.npmjs.org/ninjagoat-commands/-/ninjagoat-commands-3.2.0.tgz",
      "integrity": "sha1-GU04xQ3wDN0YBvaMWciw/VWwckw=",
      "requires": {
        "inversify": "4.5.1",
        "lodash": "4.10.0",
        "react": "15.6.2",
        "react-dom": "15.6.2",
        "reflect-metadata": "0.1.8",
        "rx": "4.1.0"
      },
      "dependencies": {
        "reflect-metadata": {
          "version": "0.1.8",
          "resolved": "https://registry.npmjs.org/reflect-metadata/-/reflect-metadata-0.1.8.tgz",
          "integrity": "sha1-ckJtVwtgd242iJaL1auVN6Fc7PY="
        }
      }
    },
    "ninjagoat-dialogs": {
      "version": "2.1.0",
      "resolved": "https://registry.npmjs.org/ninjagoat-dialogs/-/ninjagoat-dialogs-2.1.0.tgz",
      "integrity": "sha1-8Q5G2Lk2DLB7xHZAtw5gdkRXyHw=",
      "requires": {
        "inversify": "4.5.1",
        "lodash": "4.10.0",
        "react": "15.6.2",
        "react-bootstrap": "0.30.10",
        "react-dom": "15.6.2",
        "reflect-metadata": "0.1.10",
        "rx": "4.1.0"
      },
      "dependencies": {
        "react-bootstrap": {
          "version": "0.30.10",
          "resolved": "https://registry.npmjs.org/react-bootstrap/-/react-bootstrap-0.30.10.tgz",
          "integrity": "sha1-27ppCVlfKvTZGTfbD5bsjC3y0ag=",
          "requires": {
            "babel-runtime": "6.26.0",
            "classnames": "2.2.5",
            "dom-helpers": "3.2.1",
            "invariant": "2.2.2",
            "keycode": "2.1.9",
            "prop-types": "15.6.0",
            "react-overlays": "0.6.12",
            "react-prop-types": "0.4.0",
            "uncontrollable": "4.1.0",
            "warning": "3.0.0"
          }
        }
      }
    },
    "ninjagoat-messages": {
      "version": "1.2.0",
      "resolved": "https://registry.npmjs.org/ninjagoat-messages/-/ninjagoat-messages-1.2.0.tgz",
      "integrity": "sha1-lqv0OlBDaWp0ceEGwgcVwPVh2Bg=",
      "requires": {
        "inversify": "4.5.1",
        "lodash": "4.10.0",
        "react": "15.6.2",
        "react-bs-notifier": "4.3.2",
        "react-dom": "15.6.2",
        "reflect-metadata": "0.1.10",
        "rx": "4.1.0"
      }
    },
    "ninjagoat-projections": {
      "version": "3.2.0",
      "resolved": "https://registry.npmjs.org/ninjagoat-projections/-/ninjagoat-projections-3.2.0.tgz",
      "integrity": "sha1-LsgmXVWETMsDa0DE1RAjQOmum14=",
      "requires": {
        "chupacabras": "2.2.0",
        "inversify": "4.5.1",
        "lodash": "4.10.0",
        "react": "15.6.2",
        "react-dom": "15.6.2",
        "reflect-metadata": "0.1.8",
        "rx": "4.1.0",
        "socket.io-client": "1.4.8"
      },
      "dependencies": {
        "reflect-metadata": {
          "version": "0.1.8",
          "resolved": "https://registry.npmjs.org/reflect-metadata/-/reflect-metadata-0.1.8.tgz",
          "integrity": "sha1-ckJtVwtgd242iJaL1auVN6Fc7PY="
        }
      }
    },
    "node-fetch": {
      "version": "1.7.3",
      "resolved": "https://registry.npmjs.org/node-fetch/-/node-fetch-1.7.3.tgz",
      "integrity": "sha512-NhZ4CsKx7cYm2vSrBAr2PvFOe6sWDf0UYLRqA6svUYg7+/TSfVAu49jYC4BvQ4Sms9SZgdqGBgroqfDhJdTyKQ==",
      "requires": {
        "encoding": "0.1.12",
        "is-stream": "1.1.0"
      }
    },
    "object-assign": {
      "version": "4.1.1",
      "resolved": "https://registry.npmjs.org/object-assign/-/object-assign-4.1.1.tgz",
      "integrity": "sha1-IQmtx5ZYh8/AXLvUQsrIv7s2CGM="
    },
    "object-component": {
      "version": "0.0.3",
      "resolved": "https://registry.npmjs.org/object-component/-/object-component-0.0.3.tgz",
      "integrity": "sha1-8MaapQ78lbhmwYb0AKM3acsvEpE="
    },
    "options": {
      "version": "0.0.6",
      "resolved": "https://registry.npmjs.org/options/-/options-0.0.6.tgz",
      "integrity": "sha1-7CLTEoBrtT5zF3Pnza788cZDEo8="
    },
    "parsejson": {
      "version": "0.0.1",
      "resolved": "https://registry.npmjs.org/parsejson/-/parsejson-0.0.1.tgz",
      "integrity": "sha1-mxDGwNglq1ieaFFTgm3go7oni8w=",
      "requires": {
        "better-assert": "1.0.2"
      }
    },
    "parseqs": {
      "version": "0.0.2",
      "resolved": "https://registry.npmjs.org/parseqs/-/parseqs-0.0.2.tgz",
      "integrity": "sha1-nf5wss3aw4i95PNbHyQPpYrb5sc=",
      "requires": {
        "better-assert": "1.0.2"
      }
    },
    "parseuri": {
      "version": "0.0.4",
      "resolved": "https://registry.npmjs.org/parseuri/-/parseuri-0.0.4.tgz",
      "integrity": "sha1-gGWCo5iH4eoY3V4v4OAZAiaOk1A=",
      "requires": {
        "better-assert": "1.0.2"
      }
    },
    "postinstall-build": {
      "version": "2.1.3",
      "resolved": "https://registry.npmjs.org/postinstall-build/-/postinstall-build-2.1.3.tgz",
      "integrity": "sha1-nRiGqylJYZ9MIGr74a6pXevkXJQ=",
      "dev": true
    },
    "promise": {
      "version": "7.3.1",
      "resolved": "https://registry.npmjs.org/promise/-/promise-7.3.1.tgz",
      "integrity": "sha512-nolQXZ/4L+bP/UGlkfaIujX9BKxGwmQ9OT4mOt5yvy8iK1h3wqTEJCijzGANTCCl9nWjY41juyAn2K3Q1hLLTg==",
      "requires": {
        "asap": "2.0.6"
      }
    },
    "prop-types": {
      "version": "15.6.0",
      "resolved": "https://registry.npmjs.org/prop-types/-/prop-types-15.6.0.tgz",
      "integrity": "sha1-zq8IMCL8RrSjX2nhPvda7Q1jmFY=",
      "requires": {
        "fbjs": "0.8.16",
        "loose-envify": "1.3.1",
        "object-assign": "4.1.1"
      }
    },
    "prop-types-extra": {
      "version": "1.0.1",
      "resolved": "https://registry.npmjs.org/prop-types-extra/-/prop-types-extra-1.0.1.tgz",
      "integrity": "sha1-pXvUgQ6C0no/9DF+zBtK0AX3moI=",
      "requires": {
        "warning": "3.0.0"
      }
    },
    "qs": {
      "version": "6.4.0",
      "resolved": "https://registry.npmjs.org/qs/-/qs-6.4.0.tgz",
      "integrity": "sha1-E+JtKK1rD/qpExLNO/cI7TUecjM="
    },
    "query-string": {
      "version": "4.3.4",
      "resolved": "https://registry.npmjs.org/query-string/-/query-string-4.3.4.tgz",
      "integrity": "sha1-u7aTucqRXCMlFbIosaArYJBD2+s=",
      "requires": {
        "object-assign": "4.1.1",
        "strict-uri-encode": "1.1.0"
      }
    },
    "react": {
      "version": "15.6.2",
      "resolved": "https://registry.npmjs.org/react/-/react-15.6.2.tgz",
      "integrity": "sha1-26BDSrQ5z+gvEI8PURZjkIF5qnI=",
      "requires": {
        "create-react-class": "15.6.2",
        "fbjs": "0.8.16",
        "loose-envify": "1.3.1",
        "object-assign": "4.1.1",
        "prop-types": "15.6.0"
      }
    },
    "react-addons-css-transition-group": {
      "version": "15.6.2",
      "resolved": "https://registry.npmjs.org/react-addons-css-transition-group/-/react-addons-css-transition-group-15.6.2.tgz",
      "integrity": "sha1-nkN2vPQLUhfRTsaFUwgc7ksIptY=",
      "requires": {
        "react-transition-group": "1.2.1"
      }
    },
    "react-bootstrap": {
      "version": "0.31.5",
      "resolved": "https://registry.npmjs.org/react-bootstrap/-/react-bootstrap-0.31.5.tgz",
      "integrity": "sha512-xgDihgX4QvYHmHzL87faDBMDnGfYyqcrqV0TEbWY+JizePOG1vfb8M3xJN+6MJ3kUYqDtQSZ7v/Q6Y5YDrkMdA==",
      "requires": {
        "babel-runtime": "6.26.0",
        "classnames": "2.2.5",
        "dom-helpers": "3.2.1",
        "invariant": "2.2.2",
        "keycode": "2.1.9",
        "prop-types": "15.6.0",
        "prop-types-extra": "1.0.1",
        "react-overlays": "0.7.4",
        "uncontrollable": "4.1.0",
        "warning": "3.0.0"
      },
      "dependencies": {
        "react-overlays": {
          "version": "0.7.4",
          "resolved": "https://registry.npmjs.org/react-overlays/-/react-overlays-0.7.4.tgz",
          "integrity": "sha512-7vsooMx3siLAuEfTs8FYeP/lAORWWFXTO8PON3KgX0Htq1Oa+po6ioSjGyO0/GO5CVSMNhpWt6V2opeexHgBuQ==",
          "requires": {
            "classnames": "2.2.5",
            "dom-helpers": "3.2.1",
            "prop-types": "15.6.0",
            "prop-types-extra": "1.0.1",
            "warning": "3.0.0"
          }
        }
      }
    },
    "react-bs-notifier": {
      "version": "4.3.2",
      "resolved": "https://registry.npmjs.org/react-bs-notifier/-/react-bs-notifier-4.3.2.tgz",
      "integrity": "sha1-G0Zj4aVKyg2DuH02wP1vrwQijcQ=",
      "requires": {
        "prop-types": "15.6.0",
        "react-addons-css-transition-group": "15.6.2",
        "react-jss": "6.1.1",
        "toetag": "3.3.7"
      }
    },
    "react-dom": {
      "version": "15.6.2",
      "resolved": "https://registry.npmjs.org/react-dom/-/react-dom-15.6.2.tgz",
      "integrity": "sha1-Qc+t9pO3V/rycIRDodH9WgK+9zA=",
      "requires": {
        "fbjs": "0.8.16",
        "loose-envify": "1.3.1",
        "object-assign": "4.1.1",
        "prop-types": "15.6.0"
      }
    },
    "react-jss": {
      "version": "6.1.1",
      "resolved": "https://registry.npmjs.org/react-jss/-/react-jss-6.1.1.tgz",
      "integrity": "sha1-AaVI5lMbaRGGw+jYJQmA+yk48f4=",
      "requires": {
        "hoist-non-react-statics": "1.2.0",
        "jss": "7.1.7",
        "jss-preset-default": "2.0.0",
        "prop-types": "15.6.0"
      }
    },
    "react-overlays": {
      "version": "0.6.12",
      "resolved": "https://registry.npmjs.org/react-overlays/-/react-overlays-0.6.12.tgz",
      "integrity": "sha1-oHnHUMxCnX20x0dKlbS1QDPiVcM=",
      "requires": {
        "classnames": "2.2.5",
        "dom-helpers": "3.2.1",
        "react-prop-types": "0.4.0",
        "warning": "3.0.0"
      }
    },
    "react-prop-types": {
      "version": "0.4.0",
      "resolved": "https://registry.npmjs.org/react-prop-types/-/react-prop-types-0.4.0.tgz",
      "integrity": "sha1-+ZsL+0AGkpya8gUefBQUpcdbk9A=",
      "requires": {
        "warning": "3.0.0"
      }
    },
    "react-router": {
      "version": "3.2.0",
      "resolved": "https://registry.npmjs.org/react-router/-/react-router-3.2.0.tgz",
      "integrity": "sha512-sXlLOg0TRCqnjCVskqBHGjzNjcJKUqXEKnDSuxMYJSPJNq9hROE9VsiIW2kfIq7Ev+20Iz0nxayekXyv0XNmsg==",
      "requires": {
        "create-react-class": "15.6.2",
        "history": "3.3.0",
        "hoist-non-react-statics": "1.2.0",
        "invariant": "2.2.2",
        "loose-envify": "1.3.1",
        "prop-types": "15.6.0",
        "warning": "3.0.0"
      }
    },
    "react-transition-group": {
      "version": "1.2.1",
      "resolved": "https://registry.npmjs.org/react-transition-group/-/react-transition-group-1.2.1.tgz",
      "integrity": "sha512-CWaL3laCmgAFdxdKbhhps+c0HRGF4c+hdM4H23+FI1QBNUyx/AMeIJGWorehPNSaKnQNOAxL7PQmqMu78CDj3Q==",
      "requires": {
        "chain-function": "1.0.0",
        "dom-helpers": "3.2.1",
        "loose-envify": "1.3.1",
        "prop-types": "15.6.0",
        "warning": "3.0.0"
      }
    },
    "reflect-metadata": {
      "version": "0.1.10",
      "resolved": "https://registry.npmjs.org/reflect-metadata/-/reflect-metadata-0.1.10.tgz",
      "integrity": "sha1-tPg3BEFqytiZiMmxVjXUfgO5NEo="
    },
    "regenerator-runtime": {
      "version": "0.11.0",
      "resolved": "https://registry.npmjs.org/regenerator-runtime/-/regenerator-runtime-0.11.0.tgz",
      "integrity": "sha512-/aA0kLeRb5N9K0d4fw7ooEbI+xDe+DKD499EQqygGqeS8N3xto15p09uY2xj7ixP81sNPXvRLnAQIqdVStgb1A=="
    },
    "rx": {
      "version": "4.1.0",
      "resolved": "https://registry.npmjs.org/rx/-/rx-4.1.0.tgz",
      "integrity": "sha1-pfE/957zt0D+MKqAP7CfmIBdR4I="
    },
    "setimmediate": {
      "version": "1.0.5",
      "resolved": "https://registry.npmjs.org/setimmediate/-/setimmediate-1.0.5.tgz",
      "integrity": "sha1-KQy7Iy4waULX1+qbg3Mqt4VvgoU="
    },
    "smild-extra": {
      "version": "1.0.0",
      "resolved": "https://registry.npmjs.org/smild-extra/-/smild-extra-1.0.0.tgz",
      "integrity": "sha1-X9Lvg+AAOrRks1J1hQGkCUIYDJ4=",
      "dev": true,
      "requires": {
        "@types/node": "6.0.92"
      }
    },
    "socket.io": {
      "version": "1.4.8",
      "resolved": "https://registry.npmjs.org/socket.io/-/socket.io-1.4.8.tgz",
      "integrity": "sha1-5XbzMM0L7WTlWz/SbfmRFBiEhns=",
      "requires": {
        "debug": "2.2.0",
        "engine.io": "1.6.11",
        "has-binary": "0.1.7",
        "socket.io-adapter": "0.4.0",
        "socket.io-client": "1.4.8",
        "socket.io-parser": "2.2.6"
      }
    },
    "socket.io-adapter": {
      "version": "0.4.0",
      "resolved": "https://registry.npmjs.org/socket.io-adapter/-/socket.io-adapter-0.4.0.tgz",
      "integrity": "sha1-+5+CqxqmUpC/csNleVW5MKmRok8=",
      "requires": {
        "debug": "2.2.0",
        "socket.io-parser": "2.2.2"
      },
      "dependencies": {
        "component-emitter": {
          "version": "1.1.2",
          "resolved": "https://registry.npmjs.org/component-emitter/-/component-emitter-1.1.2.tgz",
          "integrity": "sha1-KWWU8nU9qmOZbSrwjRWpURbJrsM="
        },
        "json3": {
          "version": "3.2.6",
          "resolved": "https://registry.npmjs.org/json3/-/json3-3.2.6.tgz",
          "integrity": "sha1-9u/JPAagTemuxTBT3yVZuxniA4s="
        },
        "socket.io-parser": {
          "version": "2.2.2",
          "resolved": "https://registry.npmjs.org/socket.io-parser/-/socket.io-parser-2.2.2.tgz",
          "integrity": "sha1-PXr2tkSX6Va32f53X5mXFgJ/lBc=",
          "requires": {
            "benchmark": "1.0.0",
            "component-emitter": "1.1.2",
            "debug": "0.7.4",
            "isarray": "0.0.1",
            "json3": "3.2.6"
          },
          "dependencies": {
            "debug": {
              "version": "0.7.4",
              "resolved": "https://registry.npmjs.org/debug/-/debug-0.7.4.tgz",
              "integrity": "sha1-BuHqgILCyxTjmAbiLi9vdX+Srzk="
            }
          }
        }
      }
    },
    "socket.io-client": {
      "version": "1.4.8",
      "resolved": "https://registry.npmjs.org/socket.io-client/-/socket.io-client-1.4.8.tgz",
      "integrity": "sha1-SBskHnPfFA6hpPsDSGqFrQl/VVg=",
      "requires": {
        "backo2": "1.0.2",
        "component-bind": "1.0.0",
        "component-emitter": "1.2.0",
        "debug": "2.2.0",
        "engine.io-client": "1.6.11",
        "has-binary": "0.1.7",
        "indexof": "0.0.1",
        "object-component": "0.0.3",
        "parseuri": "0.0.4",
        "socket.io-parser": "2.2.6",
        "to-array": "0.1.4"
      }
    },
    "socket.io-parser": {
      "version": "2.2.6",
      "resolved": "https://registry.npmjs.org/socket.io-parser/-/socket.io-parser-2.2.6.tgz",
      "integrity": "sha1-ON/WHfUNz4qx2eIJEyK/kCuii5k=",
      "requires": {
        "benchmark": "1.0.0",
        "component-emitter": "1.1.2",
        "debug": "2.2.0",
        "isarray": "0.0.1",
        "json3": "3.3.2"
      },
      "dependencies": {
        "component-emitter": {
          "version": "1.1.2",
          "resolved": "https://registry.npmjs.org/component-emitter/-/component-emitter-1.1.2.tgz",
          "integrity": "sha1-KWWU8nU9qmOZbSrwjRWpURbJrsM="
        }
      }
    },
    "strict-uri-encode": {
      "version": "1.1.0",
      "resolved": "https://registry.npmjs.org/strict-uri-encode/-/strict-uri-encode-1.1.0.tgz",
      "integrity": "sha1-J5siXfHVgrH1TmWt3UNS4Y+qBxM="
    },
    "through": {
      "version": "2.3.8",
      "resolved": "https://registry.npmjs.org/through/-/through-2.3.8.tgz",
      "integrity": "sha1-DdTJ/6q8NXlgsbckEV1+Doai4fU="
    },
    "to-array": {
      "version": "0.1.4",
      "resolved": "https://registry.npmjs.org/to-array/-/to-array-0.1.4.tgz",
      "integrity": "sha1-F+bBH3PdTz10zaek/zI46a2b+JA="
    },
    "toetag": {
      "version": "3.3.7",
      "resolved": "https://registry.npmjs.org/toetag/-/toetag-3.3.7.tgz",
      "integrity": "sha512-O/8mKaXwH7rZdMNqLOqEPOw8hCpiI8eknS26IR6dUVZKduQHeBFnFPDhOnuyEQMj9RH+M/3mDpNRkODF3Nz7pA=="
    },
    "typemoq": {
      "version": "1.4.2",
      "resolved": "https://registry.npmjs.org/typemoq/-/typemoq-1.4.2.tgz",
      "integrity": "sha1-kkSRcEK4tRN3uMAT3fiSdKaDZ4Q=",
      "dev": true,
      "requires": {
        "lodash": "4.17.4",
        "postinstall-build": "2.1.3"
      },
      "dependencies": {
        "lodash": {
          "version": "4.17.4",
          "resolved": "https://registry.npmjs.org/lodash/-/lodash-4.17.4.tgz",
          "integrity": "sha1-eCA6TRwyiuHYbcpkYONptX9AVa4=",
          "dev": true
        }
      }
    },
    "ua-parser-js": {
      "version": "0.7.17",
      "resolved": "https://registry.npmjs.org/ua-parser-js/-/ua-parser-js-0.7.17.tgz",
      "integrity": "sha512-uRdSdu1oA1rncCQL7sCj8vSyZkgtL7faaw9Tc9rZ3mGgraQ7+Pdx7w5mnOSF3gw9ZNG6oc+KXfkon3bKuROm0g=="
    },
    "ultron": {
      "version": "1.0.2",
      "resolved": "https://registry.npmjs.org/ultron/-/ultron-1.0.2.tgz",
      "integrity": "sha1-rOEWq1V80Zc4ak6I9GhTeMiy5Po="
    },
    "uncontrollable": {
      "version": "4.1.0",
      "resolved": "https://registry.npmjs.org/uncontrollable/-/uncontrollable-4.1.0.tgz",
      "integrity": "sha1-4DWCkSUuGGUiLZCTmxny9J+Bwak=",
      "requires": {
        "invariant": "2.2.2"
      }
    },
    "utf8": {
      "version": "2.1.0",
      "resolved": "https://registry.npmjs.org/utf8/-/utf8-2.1.0.tgz",
      "integrity": "sha1-DP7FyAUtRKI+OqqQgQToB1+V39U="
    },
    "uuid": {
      "version": "2.0.3",
      "resolved": "https://registry.npmjs.org/uuid/-/uuid-2.0.3.tgz",
      "integrity": "sha1-Z+LoY3lyFVMN/zGOW/nc6/1Hsho="
    },
    "validator": {
      "version": "5.7.0",
      "resolved": "https://registry.npmjs.org/validator/-/validator-5.7.0.tgz",
      "integrity": "sha1-eoelgUa2laxIYHEUHAxJ1n2gXlw="
    },
    "warning": {
      "version": "3.0.0",
      "resolved": "https://registry.npmjs.org/warning/-/warning-3.0.0.tgz",
      "integrity": "sha1-MuU3fLVy3kqwR1O9+IIcAe1gW3w=",
      "requires": {
        "loose-envify": "1.3.1"
      }
    },
    "whatwg-fetch": {
      "version": "2.0.3",
      "resolved": "https://registry.npmjs.org/whatwg-fetch/-/whatwg-fetch-2.0.3.tgz",
      "integrity": "sha1-nITsLc9oGH/wC8ZOEnS0QhduHIQ="
    },
    "ws": {
      "version": "1.0.1",
      "resolved": "https://registry.npmjs.org/ws/-/ws-1.0.1.tgz",
      "integrity": "sha1-fQsqLljN3YGQOcKcneZQReGzEOk=",
      "requires": {
        "options": "0.0.6",
        "ultron": "1.0.2"
      }
    },
    "xmlhttprequest-ssl": {
      "version": "1.5.1",
      "resolved": "https://registry.npmjs.org/xmlhttprequest-ssl/-/xmlhttprequest-ssl-1.5.1.tgz",
      "integrity": "sha1-O3dB/qSoZnWXbpCNKW1ERZYfqmc="
    },
    "yeast": {
      "version": "0.1.2",
      "resolved": "https://registry.npmjs.org/yeast/-/yeast-0.1.2.tgz",
      "integrity": "sha1-AI4G2AlDIMNy28L47XagymyKxBk="
    }
  }
}
